{
  "name": "@panando/dsh-prompt-optimizer",
  "version": "1.0.2",
  "lockfileVersion": 3,
  "requires": true,
  "packages": {
    "": {
      "name": "@panando/dsh-prompt-optimizer",
      "version": "1.0.2",
      "license": "MIT",
      "devDependencies": {
        "semver": "^7.6.3"
      },
      "engines": {
        "node": ">=22.19"
      },
      "peerDependencies": {
        "@deepseek-ai/dsh": "0.1.5-alpha.1 || 0.1.5-alpha.2 || 0.1.5-rc.1 || 0.1.5-rc.2 || 0.1.5-rc.3 || 0.1.6-alpha.1 || 0.1.6-alpha.2 || 0.1.7-alpha.1 || 0.1.7-alpha.2 || 0.1.7-rc.1 || 0.1.7-rc.2 || 0.2.0-rc.1 || 0.2.0-rc.2 || 0.2.1-alpha.1",
        "@deepseek-ai/dsh-client-runtime": "0.1.5-alpha.1 || 0.1.5-alpha.2 || 0.1.5-rc.1 || 0.1.5-rc.2 || 0.1.5-rc.3 || 0.1.6-alpha.1 || 0.1.6-alpha.2 || 0.1.7-alpha.1 || 0.1.7-alpha.2 || 0.1.7-rc.1 || 0.1.7-rc.2 || 0.2.0-rc.1 || 0.2.0-rc.2 || 0.2.1-alpha.1",
        "@deepseek-ai/dsh-client-ui-conversation": "0.1.5-alpha.1 || 0.1.5-alpha.2 || 0.1.5-rc.1 || 0.1.5-rc.2 || 0.1.5-rc.3 || 0.1.6-alpha.1 || 0.1.6-alpha.2 || 0.1.7-alpha.1 || 0.1.7-alpha.2 || 0.1.7-rc.1 || 0.1.7-rc.2 || 0.2.0-rc.1 || 0.2.0-rc.2 || 0.2.1-alpha.1",
        "@deepseek-ai/dsh-client-ui-settings-general": "0.1.5-alpha.1 || 0.1.5-alpha.2 || 0.1.5-rc.1 || 0.1.5-rc.2 || 0.1.5-rc.3 || 0.1.6-alpha.1 || 0.1.6-alpha.2 || 0.1.7-alpha.1 || 0.1.7-alpha.2 || 0.1.7-rc.1 || 0.1.7-rc.2 || 0.2.0-rc.1 || 0.2.0-rc.2 || 0.2.1-alpha.1"
      },
      "peerDependenciesMeta": {
        "@deepseek-ai/dsh": {
          "optional": true
        },
        "@deepseek-ai/dsh-client-runtime": {
          "optional": true
        },
        "@deepseek-ai/dsh-client-ui-conversation": {
          "optional": true
        },
        "@deepseek-ai/dsh-client-ui-settings-general": {
          "optional": true
        }
      }
    },
    "node_modules/semver": {
      "version": "7.8.5",
      "resolved": "https://registry.npmjs.org/semver/-/semver-7.8.5.tgz",
      "integrity": "sha512-Y7/KDsb8LjooZpwaqGyulO6DQlksgCncchHGk+sZIY4SBvUocMBEFH5Ur1fI4dV+Jvl0w6cjvucaIi40puRioA==",
      "dev": true,
      "license": "ISC",
      "bin": {
        "semver": "bin/semver.js"
      },
      "engines": {
        "node": ">=10"
      }
    }
  }
}
