{
  "name": "dsh-prompt-optimizer",
  "version": "1.0.0",
  "lockfileVersion": 3,
  "requires": true,
  "packages": {
    "": {
      "name": "dsh-prompt-optimizer",
      "version": "1.0.0",
      "license": "MIT",
      "engines": {
        "node": ">=22.19"
      },
      "peerDependencies": {
        "@deepseek-ai/dsh": ">=0.2.0-rc.1 <0.3.0",
        "@deepseek-ai/dsh-client-runtime": ">=0.2.0-rc.1 <0.3.0",
        "@deepseek-ai/dsh-client-ui-conversation": ">=0.2.0-rc.1 <0.3.0",
        "@deepseek-ai/dsh-client-ui-settings-general": ">=0.2.0-rc.1 <0.3.0"
      },
      "peerDependenciesMeta": {
        "@deepseek-ai/dsh": {
          "optional": true
        },
        "@deepseek-ai/dsh-client-runtime": {
          "optional": true
        },
        "@deepseek-ai/dsh-client-ui-conversation": {
          "optional": true
        },
        "@deepseek-ai/dsh-client-ui-settings-general": {
          "optional": true
        }
      }
    }
  }
}
